
Microsoft Visual Studio Solution File, Format Version 12.00
# Visual Studio 15
VisualStudioVersion = 15.0.28010.2016
MinimumVisualStudioVersion = 10.0.40219.1
Project("{FAE04EC0-301F-11D3-BF4B-00C04F79EFBC}") = "Console", "Console\Console.csproj", "{8D5FB4A4-6990-4621-9144-8239E916C12D}"
EndProject
Global
	GlobalSection(SolutionConfigurationPlatforms) = preSolution
		Debug|Any CPU = Debug|Any CPU
		Release|Any CPU = Release|Any CPU
	EndGlobalSection
	GlobalSection(ProjectConfigurationPlatforms) = postSolution
		{8D5FB4A4-6990-4621-9144-8239E916C12D}.Debug|Any CPU.ActiveCfg = Debug|Any CPU
		{8D5FB4A4-6990-4621-9144-8239E916C12D}.Debug|Any CPU.Build.0 = Debug|Any CPU
		{8D5FB4A4-6990-4621-9144-8239E916C12D}.Release|Any CPU.ActiveCfg = Release|Any CPU
		{8D5FB4A4-6990-4621-9144-8239E916C12D}.Release|Any CPU.Build.0 = Release|Any CPU
	EndGlobalSection
	GlobalSection(SolutionProperties) = preSolution
		HideSolutionNode = FALSE
	EndGlobalSection
	GlobalSection(ExtensibilityGlobals) = postSolution
		SolutionGuid = {A1403D7C-9A09-482C-AA56-3F6123A12F14}
	EndGlobalSection
EndGlobal
